{
  "name": "levla",
  "lockfileVersion": 3,
  "requires": true,
  "packages": {
    "": {
      "dependencies": {
        "@anthropic-ai/claude-code": "^2.1.258"
      }
    },
    "node_modules/@anthropic-ai/claude-code": {
      "version": "2.1.258",
      "resolved": "https://registry.npmjs.org/@anthropic-ai/claude-code/-/claude-code-2.1.258.tgz",
      "integrity": "sha512-Zis1AYrHuCcK4V1tXJUkzJdklFsTvvqIcj7gk4K8lyEeJOW99ZoQH/E+WxugMqDEO7xncYZ41gydxlkSTmj/2Q==",
      "hasInstallScript": true,
      "bin": {
        "claude": "bin/claude.exe"
      },
      "engines": {
        "node": ">=22.0.0"
      },
      "optionalDependencies": {
        "@anthropic-ai/claude-code-darwin-arm64": "2.1.258",
        "@anthropic-ai/claude-code-darwin-x64": "2.1.258",
        "@anthropic-ai/claude-code-linux-arm64": "2.1.258",
        "@anthropic-ai/claude-code-linux-arm64-musl": "2.1.258",
        "@anthropic-ai/claude-code-linux-x64": "2.1.258",
        "@anthropic-ai/claude-code-linux-x64-musl": "2.1.258",
        "@anthropic-ai/claude-code-win32-arm64": "2.1.258",
        "@anthropic-ai/claude-code-win32-x64": "2.1.258"
      }
    },
    "node_modules/@anthropic-ai/claude-code-darwin-arm64": {
      "version": "2.1.258",
      "resolved": "https://registry.npmjs.org/@anthropic-ai/claude-code-darwin-arm64/-/claude-code-darwin-arm64-2.1.258.tgz",
      "integrity": "sha512-9gYzEZjYLY/3N49jkgk9BeXPGDQNCE/6pO3/tFHJP054YnXCvKcyjWbx1M5ISgiKnEtmTRDXnAX4cXe1SGZ+Eg==",
      "cpu": [
        "arm64"
      ],
      "optional": true,
      "os": [
        "darwin"
      ]
    },
    "node_modules/@anthropic-ai/claude-code-darwin-x64": {
      "version": "2.1.258",
      "resolved": "https://registry.npmjs.org/@anthropic-ai/claude-code-darwin-x64/-/claude-code-darwin-x64-2.1.258.tgz",
      "integrity": "sha512-risc/t2M1dka64gZz/tWhnjpOZpWO30M8sMoMSMLoDvuzghInsF8Ur5fV3M1J3N19RQzhOoVkSIghpqi/XuuOg==",
      "cpu": [
        "x64"
      ],
      "optional": true,
      "os": [
        "darwin"
      ]
    },
    "node_modules/@anthropic-ai/claude-code-linux-arm64": {
      "version": "2.1.258",
      "resolved": "https://registry.npmjs.org/@anthropic-ai/claude-code-linux-arm64/-/claude-code-linux-arm64-2.1.258.tgz",
      "integrity": "sha512-cbzsJZ4gMDp30eOlhA6qM+s0plv0TTKLhWX/y4CwNRspSQI8wPO5T1UafhimU4fTeznpPxH38m3k3vYkA9ypHw==",
      "cpu": [
        "arm64"
      ],
      "optional": true,
      "os": [
        "linux"
      ]
    },
    "node_modules/@anthropic-ai/claude-code-linux-arm64-musl": {
      "version": "2.1.258",
      "resolved": "https://registry.npmjs.org/@anthropic-ai/claude-code-linux-arm64-musl/-/claude-code-linux-arm64-musl-2.1.258.tgz",
      "integrity": "sha512-Flb+QwMmRuPRF138j+q3m/qdWmlZr3nGTiwxZfOE6JRqdeGmBpcLGQ7jzn5gnM00d4hAatG9I+BZhC4mcPGSzg==",
      "cpu": [
        "arm64"
      ],
      "optional": true,
      "os": [
        "linux"
      ]
    },
    "node_modules/@anthropic-ai/claude-code-linux-x64": {
      "version": "2.1.258",
      "resolved": "https://registry.npmjs.org/@anthropic-ai/claude-code-linux-x64/-/claude-code-linux-x64-2.1.258.tgz",
      "integrity": "sha512-y1O9xbBzr/2J3cojc5aecHmJzpihx3BMBXnFTHdYU+4gpDkjpEvn4xXSfoKe3UzdUrMCSMdkPD0Ru6byQ3vojA==",
      "cpu": [
        "x64"
      ],
      "optional": true,
      "os": [
        "linux"
      ]
    },
    "node_modules/@anthropic-ai/claude-code-linux-x64-musl": {
      "version": "2.1.258",
      "resolved": "https://registry.npmjs.org/@anthropic-ai/claude-code-linux-x64-musl/-/claude-code-linux-x64-musl-2.1.258.tgz",
      "integrity": "sha512-mE3GLPQ3w0pwuH0l+FMhUm9wbRh20asXQ/zhuB2GlOMcTHRWYCVMFEvgbikd5OqGG+vGQHXKvbkNGeXeYXvL8Q==",
      "cpu": [
        "x64"
      ],
      "optional": true,
      "os": [
        "linux"
      ]
    },
    "node_modules/@anthropic-ai/claude-code-win32-arm64": {
      "version": "2.1.258",
      "resolved": "https://registry.npmjs.org/@anthropic-ai/claude-code-win32-arm64/-/claude-code-win32-arm64-2.1.258.tgz",
      "integrity": "sha512-QUItpNH9zHf0HYZPk2nd72YWmCgL9pHMOtK7Qu8LpjyLW5EK5YdfPpJoz74uCWKslsi1zDAY3GwiTkDFD1ravw==",
      "cpu": [
        "arm64"
      ],
      "optional": true,
      "os": [
        "win32"
      ]
    },
    "node_modules/@anthropic-ai/claude-code-win32-x64": {
      "version": "2.1.258",
      "resolved": "https://registry.npmjs.org/@anthropic-ai/claude-code-win32-x64/-/claude-code-win32-x64-2.1.258.tgz",
      "integrity": "sha512-sRIJKxr56ljbYxWJKC2R1pdYWjkIvwqW/LJyOC/5kw2uyBIxRMYmntxYduenUS7aQSNmjraCbIqX7kDe9bJpxg==",
      "cpu": [
        "x64"
      ],
      "optional": true,
      "os": [
        "win32"
      ]
    }
  }
}
